// !$*UTF8*$!
{
	archiveVersion = 1;
	classes = {
	};
	objectVersion = 52;
	objects = {

/* Begin PBXBuildFile section */
		CA6FB0E426C6AD9E00FB3285 /* UIKitInteropTests.swift in Sources */ = {isa = PBXBuildFile; fileRef = CA6FB0E226C6AD9E00FB3285 /* UIKitInteropTests.swift */; };
		CA6FB0E726C6ADCD00FB3285 /* UIUTest in Frameworks */ = {isa = PBXBuildFile; productRef = CA6FB0E626C6ADCD00FB3285 /* UIUTest */; };
		CAC34B7A26A0801E0039A373 /* ViewInspector in Frameworks */ = {isa = PBXBuildFile; productRef = CAC34B7926A0801E0039A373 /* ViewInspector */; };
		D7DBD20626CD923600F1E39B /* XCTestHooks.m in Sources */ = {isa = PBXBuildFile; fileRef = D7DBD20126CD923600F1E39B /* XCTestHooks.m */; };
		D7DBD20726CD923600F1E39B /* NSObjectLoadable.m in Sources */ = {isa = PBXBuildFile; fileRef = D7DBD20526CD923600F1E39B /* NSObjectLoadable.m */; };
/* End PBXBuildFile section */

/* Begin PBXFileReference section */
		628952D927E5281700FDDCEF /* SettingsOnboardingViewController.swift */ = {isa = PBXFileReference; lastKnownFileType = sourcecode.swift; path = SettingsOnboardingViewController.swift; sourceTree = "<group>"; };
		628952DB27E528CC00FDDCEF /* SettingsViewController.swift */ = {isa = PBXFileReference; lastKnownFileType = sourcecode.swift; path = SettingsViewController.swift; sourceTree = "<group>"; };
		CA0536F526A0888200BF8FC5 /* ProfileFeatureOnboardingView.swift */ = {isa = PBXFileReference; lastKnownFileType = sourcecode.swift; path = ProfileFeatureOnboardingView.swift; sourceTree = "<group>"; };
		CA6FB0DD26C6AD5200FB3285 /* UIKitInteropProgrammaticViewController.swift */ = {isa = PBXFileReference; fileEncoding = 4; lastKnownFileType = sourcecode.swift; path = UIKitInteropProgrammaticViewController.swift; sourceTree = "<group>"; };
		CA6FB0E226C6AD9E00FB3285 /* UIKitInteropTests.swift */ = {isa = PBXFileReference; fileEncoding = 4; lastKnownFileType = sourcecode.swift; path = UIKitInteropTests.swift; sourceTree = "<group>"; };
		CA7B820F26A123F6005AA87D /* InspectableSheet.swift */ = {isa = PBXFileReference; lastKnownFileType = sourcecode.swift; path = InspectableSheet.swift; sourceTree = "<group>"; };
		CA7B829E26A1FAAC005AA87D /* InspectableAlert.swift */ = {isa = PBXFileReference; lastKnownFileType = sourcecode.swift; path = InspectableAlert.swift; sourceTree = "<group>"; };
		CAC34B4226A07F830039A373 /* SwiftUIExampleApp.swift */ = {isa = PBXFileReference; lastKnownFileType = sourcecode.swift; path = SwiftUIExampleApp.swift; sourceTree = "<group>"; };
		CAC34B4626A07F830039A373 /* Assets.xcassets */ = {isa = PBXFileReference; lastKnownFileType = folder.assetcatalog; path = Assets.xcassets; sourceTree = "<group>"; };
		CAC34B4926A07F830039A373 /* Preview Assets.xcassets */ = {isa = PBXFileReference; lastKnownFileType = folder.assetcatalog; path = "Preview Assets.xcassets"; sourceTree = "<group>"; };
		CAC34B4B26A07F830039A373 /* Info.plist */ = {isa = PBXFileReference; lastKnownFileType = text.plist.xml; path = Info.plist; sourceTree = "<group>"; };
		CAC34B5026A07F840039A373 /* SwiftUIExampleTests.xctest */ = {isa = PBXFileReference; explicitFileType = wrapper.cfbundle; includeInIndex = 0; path = SwiftUIExampleTests.xctest; sourceTree = BUILT_PRODUCTS_DIR; };
		CAC34B5626A07F840039A373 /* Info.plist */ = {isa = PBXFileReference; lastKnownFileType = text.plist.xml; path = Info.plist; sourceTree = "<group>"; };
		CAC34B6E26A07FE90039A373 /* QRScannerFeatureView.swift */ = {isa = PBXFileReference; fileEncoding = 4; lastKnownFileType = sourcecode.swift; path = QRScannerFeatureView.swift; sourceTree = "<group>"; };
		CAC34B6F26A07FE90039A373 /* QRScannerFeatureOnboardingView.swift */ = {isa = PBXFileReference; fileEncoding = 4; lastKnownFileType = sourcecode.swift; path = QRScannerFeatureOnboardingView.swift; sourceTree = "<group>"; };
		CAC34B7026A07FE90039A373 /* MapFeatureOnboardingView.swift */ = {isa = PBXFileReference; fileEncoding = 4; lastKnownFileType = sourcecode.swift; path = MapFeatureOnboardingView.swift; sourceTree = "<group>"; };
		CAC34B7126A07FE90039A373 /* ContentView.swift */ = {isa = PBXFileReference; fileEncoding = 4; lastKnownFileType = sourcecode.swift; path = ContentView.swift; sourceTree = "<group>"; };
		CAC34B7226A07FE90039A373 /* MapFeatureView.swift */ = {isa = PBXFileReference; fileEncoding = 4; lastKnownFileType = sourcecode.swift; path = MapFeatureView.swift; sourceTree = "<group>"; };
		CAD0269E26A0BE810075B818 /* ContainerExtensions.swift */ = {isa = PBXFileReference; lastKnownFileType = sourcecode.swift; path = ContainerExtensions.swift; sourceTree = "<group>"; };
		CAD026A026A0BE9A0075B818 /* DependencyInjected.swift */ = {isa = PBXFileReference; lastKnownFileType = sourcecode.swift; path = DependencyInjected.swift; sourceTree = "<group>"; };
		CAD026AB26A0C83B0075B818 /* Inspection.swift */ = {isa = PBXFileReference; lastKnownFileType = sourcecode.swift; path = Inspection.swift; sourceTree = "<group>"; };
		D72B763626FBCF6F00E0405F /* Colors.swift */ = {isa = PBXFileReference; fileEncoding = 4; lastKnownFileType = sourcecode.swift; path = Colors.swift; sourceTree = "<group>"; };
		D72B763726FBCF6F00E0405F /* PrimaryButton.swift */ = {isa = PBXFileReference; fileEncoding = 4; lastKnownFileType = sourcecode.swift; path = PrimaryButton.swift; sourceTree = "<group>"; };
		D72B763826FBCF6F00E0405F /* Images.swift */ = {isa = PBXFileReference; fileEncoding = 4; lastKnownFileType = sourcecode.swift; path = Images.swift; sourceTree = "<group>"; };
		D72B763926FBCF6F00E0405F /* SecondaryButton.swift */ = {isa = PBXFileReference; fileEncoding = 4; lastKnownFileType = sourcecode.swift; path = SecondaryButton.swift; sourceTree = "<group>"; };
		D72B763A26FBCF6F00E0405F /* PrimaryTextField.swift */ = {isa = PBXFileReference; fileEncoding = 4; lastKnownFileType = sourcecode.swift; path = PrimaryTextField.swift; sourceTree = "<group>"; };
		D72B763B26FBCF6F00E0405F /* Styles.swift */ = {isa = PBXFileReference; fileEncoding = 4; lastKnownFileType = sourcecode.swift; path = Styles.swift; sourceTree = "<group>"; };
		D72B763C26FBCF7000E0405F /* PasswordField.swift */ = {isa = PBXFileReference; fileEncoding = 4; lastKnownFileType = sourcecode.swift; path = PasswordField.swift; sourceTree = "<group>"; };
		D72B764626FBCFB200E0405F /* LoginView.swift */ = {isa = PBXFileReference; fileEncoding = 4; lastKnownFileType = sourcecode.swift; path = LoginView.swift; sourceTree = "<group>"; };
		D72B764726FBCFB200E0405F /* SignUp.swift */ = {isa = PBXFileReference; fileEncoding = 4; lastKnownFileType = sourcecode.swift; path = SignUp.swift; sourceTree = "<group>"; };
		D72B764826FBCFB200E0405F /* TermsAndConditions.swift */ = {isa = PBXFileReference; fileEncoding = 4; lastKnownFileType = sourcecode.swift; path = TermsAndConditions.swift; sourceTree = "<group>"; };
		D72B764C26FBDC3C00E0405F /* SwiftCurrentOnboarding.swift */ = {isa = PBXFileReference; fileEncoding = 4; lastKnownFileType = sourcecode.swift; path = SwiftCurrentOnboarding.swift; sourceTree = "<group>"; };
		D72B764E26FBEDB900E0405F /* GenericOnboardingView.swift */ = {isa = PBXFileReference; lastKnownFileType = sourcecode.swift; path = GenericOnboardingView.swift; sourceTree = "<group>"; };
		D72B765026FC024500E0405F /* ProfileFeatureView.swift */ = {isa = PBXFileReference; lastKnownFileType = sourcecode.swift; path = ProfileFeatureView.swift; sourceTree = "<group>"; };
		D72B765226FC02B200E0405F /* ChangePasswordView.swift */ = {isa = PBXFileReference; lastKnownFileType = sourcecode.swift; path = ChangePasswordView.swift; sourceTree = "<group>"; };
		D72B765426FC032B00E0405F /* ChangeEmailView.swift */ = {isa = PBXFileReference; lastKnownFileType = sourcecode.swift; path = ChangeEmailView.swift; sourceTree = "<group>"; };
		D72B765626FC036A00E0405F /* AccountInformationView.swift */ = {isa = PBXFileReference; lastKnownFileType = sourcecode.swift; path = AccountInformationView.swift; sourceTree = "<group>"; };
		D72B765926FC048100E0405F /* MFAView.swift */ = {isa = PBXFileReference; lastKnownFileType = sourcecode.swift; path = MFAView.swift; sourceTree = "<group>"; };
		D74A4D5D26A7471700010617 /* README.md */ = {isa = PBXFileReference; lastKnownFileType = net.daringfireball.markdown; path = README.md; sourceTree = "<group>"; };
		D78139CF270DE5F4004A4721 /* OnboardingData.swift */ = {isa = PBXFileReference; lastKnownFileType = sourcecode.swift; path = OnboardingData.swift; sourceTree = "<group>"; };
		D7A6CE7426E0316C00599824 /* SwiftCurrent_SwiftUI_UITests.swift */ = {isa = PBXFileReference; lastKnownFileType = sourcecode.swift; path = SwiftCurrent_SwiftUI_UITests.swift; sourceTree = "<group>"; };
		D7A6CE7626E0316C00599824 /* Info.plist */ = {isa = PBXFileReference; lastKnownFileType = text.plist.xml; path = Info.plist; sourceTree = "<group>"; };
		D7A6CE7D26E039C300599824 /* TestView.swift */ = {isa = PBXFileReference; lastKnownFileType = sourcecode.swift; path = TestView.swift; sourceTree = "<group>"; };
		D7A6CE7F26E039EE00599824 /* TestEnumerations.swift */ = {isa = PBXFileReference; lastKnownFileType = sourcecode.swift; path = TestEnumerations.swift; sourceTree = "<group>"; };
		D7DBD20126CD923600F1E39B /* XCTestHooks.m */ = {isa = PBXFileReference; fileEncoding = 4; lastKnownFileType = sourcecode.c.objc; path = XCTestHooks.m; sourceTree = "<group>"; };
		D7DBD20326CD923600F1E39B /* NSObjectLoadable.h */ = {isa = PBXFileReference; fileEncoding = 4; lastKnownFileType = sourcecode.c.h; path = NSObjectLoadable.h; sourceTree = "<group>"; };
		D7DBD20426CD923600F1E39B /* XCTestHooks.h */ = {isa = PBXFileReference; fileEncoding = 4; lastKnownFileType = sourcecode.c.h; path = XCTestHooks.h; sourceTree = "<group>"; };
		D7DBD20526CD923600F1E39B /* NSObjectLoadable.m */ = {isa = PBXFileReference; fileEncoding = 4; lastKnownFileType = sourcecode.c.objc; path = NSObjectLoadable.m; sourceTree = "<group>"; };
/* End PBXFileReference section */

/* Begin PBXFrameworksBuildPhase section */
		CAC34B4D26A07F840039A373 /* Frameworks */ = {
			isa = PBXFrameworksBuildPhase;
			buildActionMask = 2147483647;
			files = (
				CA6FB0E726C6ADCD00FB3285 /* UIUTest in Frameworks */,
				CAC34B7A26A0801E0039A373 /* ViewInspector in Frameworks */,
			);
			runOnlyForDeploymentPostprocessing = 0;
		};
/* End PBXFrameworksBuildPhase section */

/* Begin PBXGroup section */
		628952D827E5280000FDDCEF /* Settings */ = {
			isa = PBXGroup;
			children = (
				628952D927E5281700FDDCEF /* SettingsOnboardingViewController.swift */,
				628952DB27E528CC00FDDCEF /* SettingsViewController.swift */,
			);
			path = Settings;
			sourceTree = "<group>";
		};
		CA0536F926A0917A00BF8FC5 /* Profile */ = {
			isa = PBXGroup;
			children = (
				D72B765626FC036A00E0405F /* AccountInformationView.swift */,
				D72B765426FC032B00E0405F /* ChangeEmailView.swift */,
				D72B765226FC02B200E0405F /* ChangePasswordView.swift */,
				D72B765926FC048100E0405F /* MFAView.swift */,
				CA0536F526A0888200BF8FC5 /* ProfileFeatureOnboardingView.swift */,
				D72B765026FC024500E0405F /* ProfileFeatureView.swift */,
			);
			path = Profile;
			sourceTree = "<group>";
		};
		CA6FB0DC26C6AD5200FB3285 /* UIKitInterop */ = {
			isa = PBXGroup;
			children = (
				CA6FB0DD26C6AD5200FB3285 /* UIKitInteropProgrammaticViewController.swift */,
			);
			path = UIKitInterop;
			sourceTree = "<group>";
		};
		CAC34B3626A07F830039A373 = {
			isa = PBXGroup;
			children = (
				D74A4D5D26A7471700010617 /* README.md */,
				CAC34B4126A07F830039A373 /* SwiftUIExample */,
				CAC34B5326A07F840039A373 /* SwiftUIExampleTests */,
				D7A6CE7326E0316C00599824 /* SwiftCurrent_SwiftUI_UITests */,
				CAC34B4026A07F830039A373 /* Products */,
				CAC34B8026A080910039A373 /* Frameworks */,
			);
			sourceTree = "<group>";
		};
		CAC34B4026A07F830039A373 /* Products */ = {
			isa = PBXGroup;
			children = (
				CAC34B5026A07F840039A373 /* SwiftUIExampleTests.xctest */,
			);
			name = Products;
			sourceTree = "<group>";
		};
		CAC34B4126A07F830039A373 /* SwiftUIExample */ = {
			isa = PBXGroup;
			children = (
				CAD0269D26A0BE610075B818 /* DependencyInjection */,
				D78139CE270DE504004A4721 /* Models */,
				CAC34B4826A07F830039A373 /* Preview Content */,
				D7A6CE7C26E039B400599824 /* TestViews */,
				CA6FB0DC26C6AD5200FB3285 /* UIKitInterop */,
				CAD026AA26A0C7F80075B818 /* ViewInspector */,
				CAC34B6D26A07FE90039A373 /* Views */,
				CAC34B4B26A07F830039A373 /* Info.plist */,
				CAC34B4226A07F830039A373 /* SwiftUIExampleApp.swift */,
				CAC34B4626A07F830039A373 /* Assets.xcassets */,
			);
			path = SwiftUIExample;
			sourceTree = "<group>";
		};
		CAC34B4826A07F830039A373 /* Preview Content */ = {
			isa = PBXGroup;
			children = (
				CAC34B4926A07F830039A373 /* Preview Assets.xcassets */,
			);
			path = "Preview Content";
			sourceTree = "<group>";
		};
		CAC34B5326A07F840039A373 /* SwiftUIExampleTests */ = {
			isa = PBXGroup;
			children = (
				D7DBD20026CD923600F1E39B /* SwiftCurrent_Testing_ObjC */,
				CA6FB0E226C6AD9E00FB3285 /* UIKitInteropTests.swift */,
				CAC34B5626A07F840039A373 /* Info.plist */,
			);
			path = SwiftUIExampleTests;
			sourceTree = "<group>";
		};
		CAC34B6D26A07FE90039A373 /* Views */ = {
			isa = PBXGroup;
			children = (
				628952D827E5280000FDDCEF /* Settings */,
				D72B763526FBCF5A00E0405F /* Design */,
				D78139CB270DE3AD004A4721 /* Map */,
				CA0536F926A0917A00BF8FC5 /* Profile */,
				D78139CC270DE3C2004A4721 /* QRScanner */,
				D72B764526FBCFB200E0405F /* SignUp */,
				CAC34B7126A07FE90039A373 /* ContentView.swift */,
				D72B764E26FBEDB900E0405F /* GenericOnboardingView.swift */,
				D72B764626FBCFB200E0405F /* LoginView.swift */,
				D72B764C26FBDC3C00E0405F /* SwiftCurrentOnboarding.swift */,
			);
			path = Views;
			sourceTree = SOURCE_ROOT;
		};
		CAC34B8026A080910039A373 /* Frameworks */ = {
			isa = PBXGroup;
			children = (
			);
			name = Frameworks;
			sourceTree = "<group>";
		};
		CAD0269D26A0BE610075B818 /* DependencyInjection */ = {
			isa = PBXGroup;
			children = (
				CAD0269E26A0BE810075B818 /* ContainerExtensions.swift */,
				CAD026A026A0BE9A0075B818 /* DependencyInjected.swift */,
			);
			path = DependencyInjection;
			sourceTree = "<group>";
		};
		CAD026AA26A0C7F80075B818 /* ViewInspector */ = {
			isa = PBXGroup;
			children = (
				CAD026AB26A0C83B0075B818 /* Inspection.swift */,
				CA7B820F26A123F6005AA87D /* InspectableSheet.swift */,
				CA7B829E26A1FAAC005AA87D /* InspectableAlert.swift */,
			);
			path = ViewInspector;
			sourceTree = "<group>";
		};
		D72B763526FBCF5A00E0405F /* Design */ = {
			isa = PBXGroup;
			children = (
				D72B763626FBCF6F00E0405F /* Colors.swift */,
				D72B763826FBCF6F00E0405F /* Images.swift */,
				D72B763C26FBCF7000E0405F /* PasswordField.swift */,
				D72B763726FBCF6F00E0405F /* PrimaryButton.swift */,
				D72B763A26FBCF6F00E0405F /* PrimaryTextField.swift */,
				D72B763926FBCF6F00E0405F /* SecondaryButton.swift */,
				D72B763B26FBCF6F00E0405F /* Styles.swift */,
			);
			path = Design;
			sourceTree = "<group>";
		};
		D72B764526FBCFB200E0405F /* SignUp */ = {
			isa = PBXGroup;
			children = (
				D72B764726FBCFB200E0405F /* SignUp.swift */,
				D72B764826FBCFB200E0405F /* TermsAndConditions.swift */,
			);
			path = SignUp;
			sourceTree = "<group>";
		};
		D78139CB270DE3AD004A4721 /* Map */ = {
			isa = PBXGroup;
			children = (
				CAC34B7026A07FE90039A373 /* MapFeatureOnboardingView.swift */,
				CAC34B7226A07FE90039A373 /* MapFeatureView.swift */,
			);
			path = Map;
			sourceTree = "<group>";
		};
		D78139CC270DE3C2004A4721 /* QRScanner */ = {
			isa = PBXGroup;
			children = (
				CAC34B6F26A07FE90039A373 /* QRScannerFeatureOnboardingView.swift */,
				CAC34B6E26A07FE90039A373 /* QRScannerFeatureView.swift */,
			);
			path = QRScanner;
			sourceTree = "<group>";
		};
		D78139CE270DE504004A4721 /* Models */ = {
			isa = PBXGroup;
			children = (
				D78139CF270DE5F4004A4721 /* OnboardingData.swift */,
			);
			path = Models;
			sourceTree = "<group>";
		};
		D7A6CE7326E0316C00599824 /* SwiftCurrent_SwiftUI_UITests */ = {
			isa = PBXGroup;
			children = (
				D7A6CE7426E0316C00599824 /* SwiftCurrent_SwiftUI_UITests.swift */,
				D7A6CE7626E0316C00599824 /* Info.plist */,
			);
			path = SwiftCurrent_SwiftUI_UITests;
			sourceTree = "<group>";
		};
		D7A6CE7C26E039B400599824 /* TestViews */ = {
			isa = PBXGroup;
			children = (
				D7A6CE7D26E039C300599824 /* TestView.swift */,
				D7A6CE7F26E039EE00599824 /* TestEnumerations.swift */,
			);
			path = TestViews;
			sourceTree = "<group>";
		};
		D7DBD20026CD923600F1E39B /* SwiftCurrent_Testing_ObjC */ = {
			isa = PBXGroup;
			children = (
				D7DBD20126CD923600F1E39B /* XCTestHooks.m */,
				D7DBD20226CD923600F1E39B /* Include */,
				D7DBD20526CD923600F1E39B /* NSObjectLoadable.m */,
			);
			name = SwiftCurrent_Testing_ObjC;
			path = ../../../Sources/SwiftCurrent_Testing_ObjC;
			sourceTree = "<group>";
		};
		D7DBD20226CD923600F1E39B /* Include */ = {
			isa = PBXGroup;
			children = (
				D7DBD20326CD923600F1E39B /* NSObjectLoadable.h */,
				D7DBD20426CD923600F1E39B /* XCTestHooks.h */,
			);
			path = Include;
			sourceTree = "<group>";
		};
/* End PBXGroup section */

/* Begin PBXNativeTarget section */
		CAC34B4F26A07F840039A373 /* SwiftUIExampleTests */ = {
			isa = PBXNativeTarget;
			buildConfigurationList = CAC34B6726A07F840039A373 /* Build configuration list for PBXNativeTarget "SwiftUIExampleTests" */;
			buildPhases = (
				CAC34B4C26A07F840039A373 /* Sources */,
				CAC34B4D26A07F840039A373 /* Frameworks */,
				CAC34B4E26A07F840039A373 /* Resources */,
			);
			buildRules = (
			);
			dependencies = (
			);
			name = SwiftUIExampleTests;
			packageProductDependencies = (
				CAC34B7926A0801E0039A373 /* ViewInspector */,
				CA6FB0E626C6ADCD00FB3285 /* UIUTest */,
			);
			productName = SwiftUIExampleTests;
			productReference = CAC34B5026A07F840039A373 /* SwiftUIExampleTests.xctest */;
			productType = "com.apple.product-type.bundle.unit-test";
		};
/* End PBXNativeTarget section */

/* Begin PBXProject section */
		CAC34B3726A07F830039A373 /* Project object */ = {
			isa = PBXProject;
			attributes = {
				LastSwiftUpdateCheck = 1250;
				LastUpgradeCheck = 1250;
				ORGANIZATIONNAME = "WWT and Tyler Thompson";
				TargetAttributes = {
					CAC34B4F26A07F840039A373 = {
						CreatedOnToolsVersion = 12.5.1;
					};
				};
			};
			buildConfigurationList = CAC34B3A26A07F830039A373 /* Build configuration list for PBXProject "SwiftUIExample" */;
			compatibilityVersion = "Xcode 9.3";
			developmentRegion = en;
			hasScannedForEncodings = 0;
			knownRegions = (
				en,
				Base,
			);
			mainGroup = CAC34B3626A07F830039A373;
			packageReferences = (
				CAC34B7826A0801E0039A373 /* XCRemoteSwiftPackageReference "ViewInspector" */,
				CAC34B7B26A0803C0039A373 /* XCRemoteSwiftPackageReference "CodeScanner" */,
				CAD0269826A0BE390075B818 /* XCRemoteSwiftPackageReference "Swinject" */,
				CA6FB0E526C6ADCD00FB3285 /* XCRemoteSwiftPackageReference "UIUTest" */,
			);
			productRefGroup = CAC34B4026A07F830039A373 /* Products */;
			projectDirPath = "";
			projectRoot = "";
			targets = (
				CAC34B4F26A07F840039A373 /* SwiftUIExampleTests */,
			);
		};
/* End PBXProject section */

/* Begin PBXResourcesBuildPhase section */
		CAC34B4E26A07F840039A373 /* Resources */ = {
			isa = PBXResourcesBuildPhase;
			buildActionMask = 2147483647;
			files = (
			);
			runOnlyForDeploymentPostprocessing = 0;
		};
/* End PBXResourcesBuildPhase section */

/* Begin PBXSourcesBuildPhase section */
		CAC34B4C26A07F840039A373 /* Sources */ = {
			isa = PBXSourcesBuildPhase;
			buildActionMask = 2147483647;
			files = (
				D7DBD20626CD923600F1E39B /* XCTestHooks.m in Sources */,
				CA6FB0E426C6AD9E00FB3285 /* UIKitInteropTests.swift in Sources */,
				D7DBD20726CD923600F1E39B /* NSObjectLoadable.m in Sources */,
			);
			runOnlyForDeploymentPostprocessing = 0;
		};
/* End PBXSourcesBuildPhase section */

/* Begin XCBuildConfiguration section */
		CAC34B6226A07F840039A373 /* Debug */ = {
			isa = XCBuildConfiguration;
			buildSettings = {
				ALWAYS_SEARCH_USER_PATHS = NO;
				CLANG_ANALYZER_NONNULL = YES;
				CLANG_ANALYZER_NUMBER_OBJECT_CONVERSION = YES_AGGRESSIVE;
				CLANG_CXX_LANGUAGE_STANDARD = "gnu++14";
				CLANG_CXX_LIBRARY = "libc++";
				CLANG_ENABLE_MODULES = YES;
				CLANG_ENABLE_OBJC_ARC = YES;
				CLANG_ENABLE_OBJC_WEAK = YES;
				CLANG_WARN_BLOCK_CAPTURE_AUTORELEASING = YES;
				CLANG_WARN_BOOL_CONVERSION = YES;
				CLANG_WARN_COMMA = YES;
				CLANG_WARN_CONSTANT_CONVERSION = YES;
				CLANG_WARN_DEPRECATED_OBJC_IMPLEMENTATIONS = YES;
				CLANG_WARN_DIRECT_OBJC_ISA_USAGE = YES_ERROR;
				CLANG_WARN_DOCUMENTATION_COMMENTS = YES;
				CLANG_WARN_EMPTY_BODY = YES;
				CLANG_WARN_ENUM_CONVERSION = YES;
				CLANG_WARN_INFINITE_RECURSION = YES;
				CLANG_WARN_INT_CONVERSION = YES;
				CLANG_WARN_NON_LITERAL_NULL_CONVERSION = YES;
				CLANG_WARN_OBJC_IMPLICIT_RETAIN_SELF = YES;
				CLANG_WARN_OBJC_LITERAL_CONVERSION = YES;
				CLANG_WARN_OBJC_ROOT_CLASS = YES_ERROR;
				CLANG_WARN_QUOTED_INCLUDE_IN_FRAMEWORK_HEADER = YES;
				CLANG_WARN_RANGE_LOOP_ANALYSIS = YES;
				CLANG_WARN_STRICT_PROTOTYPES = YES;
				CLANG_WARN_SUSPICIOUS_MOVE = YES;
				CLANG_WARN_UNGUARDED_AVAILABILITY = YES_AGGRESSIVE;
				CLANG_WARN_UNREACHABLE_CODE = YES;
				CLANG_WARN__DUPLICATE_METHOD_MATCH = YES;
				COPY_PHASE_STRIP = NO;
				DEBUG_INFORMATION_FORMAT = dwarf;
				ENABLE_STRICT_OBJC_MSGSEND = YES;
				ENABLE_TESTABILITY = YES;
				GCC_C_LANGUAGE_STANDARD = gnu11;
				GCC_DYNAMIC_NO_PIC = NO;
				GCC_NO_COMMON_BLOCKS = YES;
				GCC_OPTIMIZATION_LEVEL = 0;
				GCC_PREPROCESSOR_DEFINITIONS = (
					"DEBUG=1",
					"$(inherited)",
				);
				GCC_WARN_64_TO_32_BIT_CONVERSION = YES;
				GCC_WARN_ABOUT_RETURN_TYPE = YES_ERROR;
				GCC_WARN_UNDECLARED_SELECTOR = YES;
				GCC_WARN_UNINITIALIZED_AUTOS = YES_AGGRESSIVE;
				GCC_WARN_UNUSED_FUNCTION = YES;
				GCC_WARN_UNUSED_VARIABLE = YES;
				IPHONEOS_DEPLOYMENT_TARGET = 15.0;
				MTL_ENABLE_DEBUG_INFO = INCLUDE_SOURCE;
				MTL_FAST_MATH = YES;
				ONLY_ACTIVE_ARCH = YES;
				SDKROOT = iphoneos;
				SWIFT_ACTIVE_COMPILATION_CONDITIONS = DEBUG;
				SWIFT_OPTIMIZATION_LEVEL = "-Onone";
			};
			name = Debug;
		};
		CAC34B6326A07F840039A373 /* Release */ = {
			isa = XCBuildConfiguration;
			buildSettings = {
				ALWAYS_SEARCH_USER_PATHS = NO;
				CLANG_ANALYZER_NONNULL = YES;
				CLANG_ANALYZER_NUMBER_OBJECT_CONVERSION = YES_AGGRESSIVE;
				CLANG_CXX_LANGUAGE_STANDARD = "gnu++14";
				CLANG_CXX_LIBRARY = "libc++";
				CLANG_ENABLE_MODULES = YES;
				CLANG_ENABLE_OBJC_ARC = YES;
				CLANG_ENABLE_OBJC_WEAK = YES;
				CLANG_WARN_BLOCK_CAPTURE_AUTORELEASING = YES;
				CLANG_WARN_BOOL_CONVERSION = YES;
				CLANG_WARN_COMMA = YES;
				CLANG_WARN_CONSTANT_CONVERSION = YES;
				CLANG_WARN_DEPRECATED_OBJC_IMPLEMENTATIONS = YES;
				CLANG_WARN_DIRECT_OBJC_ISA_USAGE = YES_ERROR;
				CLANG_WARN_DOCUMENTATION_COMMENTS = YES;
				CLANG_WARN_EMPTY_BODY = YES;
				CLANG_WARN_ENUM_CONVERSION = YES;
				CLANG_WARN_INFINITE_RECURSION = YES;
				CLANG_WARN_INT_CONVERSION = YES;
				CLANG_WARN_NON_LITERAL_NULL_CONVERSION = YES;
				CLANG_WARN_OBJC_IMPLICIT_RETAIN_SELF = YES;
				CLANG_WARN_OBJC_LITERAL_CONVERSION = YES;
				CLANG_WARN_OBJC_ROOT_CLASS = YES_ERROR;
				CLANG_WARN_QUOTED_INCLUDE_IN_FRAMEWORK_HEADER = YES;
				CLANG_WARN_RANGE_LOOP_ANALYSIS = YES;
				CLANG_WARN_STRICT_PROTOTYPES = YES;
				CLANG_WARN_SUSPICIOUS_MOVE = YES;
				CLANG_WARN_UNGUARDED_AVAILABILITY = YES_AGGRESSIVE;
				CLANG_WARN_UNREACHABLE_CODE = YES;
				CLANG_WARN__DUPLICATE_METHOD_MATCH = YES;
				COPY_PHASE_STRIP = NO;
				DEBUG_INFORMATION_FORMAT = "dwarf-with-dsym";
				ENABLE_NS_ASSERTIONS = NO;
				ENABLE_STRICT_OBJC_MSGSEND = YES;
				GCC_C_LANGUAGE_STANDARD = gnu11;
				GCC_NO_COMMON_BLOCKS = YES;
				GCC_WARN_64_TO_32_BIT_CONVERSION = YES;
				GCC_WARN_ABOUT_RETURN_TYPE = YES_ERROR;
				GCC_WARN_UNDECLARED_SELECTOR = YES;
				GCC_WARN_UNINITIALIZED_AUTOS = YES_AGGRESSIVE;
				GCC_WARN_UNUSED_FUNCTION = YES;
				GCC_WARN_UNUSED_VARIABLE = YES;
				IPHONEOS_DEPLOYMENT_TARGET = 15.0;
				MTL_ENABLE_DEBUG_INFO = NO;
				MTL_FAST_MATH = YES;
				SDKROOT = iphoneos;
				SWIFT_COMPILATION_MODE = wholemodule;
				SWIFT_OPTIMIZATION_LEVEL = "-O";
				VALIDATE_PRODUCT = YES;
			};
			name = Release;
		};
		CAC34B6826A07F840039A373 /* Debug */ = {
			isa = XCBuildConfiguration;
			buildSettings = {
				ALWAYS_EMBED_SWIFT_STANDARD_LIBRARIES = YES;
				CODE_SIGN_STYLE = Automatic;
				DEVELOPMENT_TEAM = KRX3M99K22;
				INFOPLIST_FILE = SwiftUIExampleTests/Info.plist;
				IPHONEOS_DEPLOYMENT_TARGET = 15.0;
				LD_RUNPATH_SEARCH_PATHS = (
					"$(inherited)",
					"@executable_path/Frameworks",
					"@loader_path/Frameworks",
				);
				PRODUCT_BUNDLE_IDENTIFIER = WWT.SwiftUIExampleTests;
				PRODUCT_NAME = "$(TARGET_NAME)";
				SWIFT_OBJC_BRIDGING_HEADER = "../../Sources/SwiftCurrent_Testing_ObjC/SwiftUIExampleTests-Bridging-Header.h";
				SWIFT_VERSION = 5.0;
				TARGETED_DEVICE_FAMILY = "1,2";
			};
			name = Debug;
		};
		CAC34B6926A07F840039A373 /* Release */ = {
			isa = XCBuildConfiguration;
			buildSettings = {
				ALWAYS_EMBED_SWIFT_STANDARD_LIBRARIES = YES;
				CODE_SIGN_STYLE = Automatic;
				DEVELOPMENT_TEAM = KRX3M99K22;
				INFOPLIST_FILE = SwiftUIExampleTests/Info.plist;
				IPHONEOS_DEPLOYMENT_TARGET = 15.0;
				LD_RUNPATH_SEARCH_PATHS = (
					"$(inherited)",
					"@executable_path/Frameworks",
					"@loader_path/Frameworks",
				);
				PRODUCT_BUNDLE_IDENTIFIER = WWT.SwiftUIExampleTests;
				PRODUCT_NAME = "$(TARGET_NAME)";
				SWIFT_OBJC_BRIDGING_HEADER = "../../Sources/SwiftCurrent_Testing_ObjC/SwiftUIExampleTests-Bridging-Header.h";
				SWIFT_VERSION = 5.0;
				TARGETED_DEVICE_FAMILY = "1,2";
			};
			name = Release;
		};
/* End XCBuildConfiguration section */

/* Begin XCConfigurationList section */
		CAC34B3A26A07F830039A373 /* Build configuration list for PBXProject "SwiftUIExample" */ = {
			isa = XCConfigurationList;
			buildConfigurations = (
				CAC34B6226A07F840039A373 /* Debug */,
				CAC34B6326A07F840039A373 /* Release */,
			);
			defaultConfigurationIsVisible = 0;
			defaultConfigurationName = Release;
		};
		CAC34B6726A07F840039A373 /* Build configuration list for PBXNativeTarget "SwiftUIExampleTests" */ = {
			isa = XCConfigurationList;
			buildConfigurations = (
				CAC34B6826A07F840039A373 /* Debug */,
				CAC34B6926A07F840039A373 /* Release */,
			);
			defaultConfigurationIsVisible = 0;
			defaultConfigurationName = Release;
		};
/* End XCConfigurationList section */

/* Begin XCRemoteSwiftPackageReference section */
		CA6FB0E526C6ADCD00FB3285 /* XCRemoteSwiftPackageReference "UIUTest" */ = {
			isa = XCRemoteSwiftPackageReference;
			repositoryURL = "https://github.com/nallick/UIUTest.git";
			requirement = {
				kind = upToNextMajorVersion;
				minimumVersion = 1.8.0;
			};
		};
		CAC34B7826A0801E0039A373 /* XCRemoteSwiftPackageReference "ViewInspector" */ = {
			isa = XCRemoteSwiftPackageReference;
			repositoryURL = "https://github.com/nalexn/ViewInspector.git";
			requirement = {
				kind = upToNextMajorVersion;
				minimumVersion = 0.8.1;
			};
		};
		CAC34B7B26A0803C0039A373 /* XCRemoteSwiftPackageReference "CodeScanner" */ = {
			isa = XCRemoteSwiftPackageReference;
			repositoryURL = "https://github.com/twostraws/CodeScanner";
			requirement = {
				kind = upToNextMajorVersion;
				minimumVersion = 1.0.7;
			};
		};
		CAD0269826A0BE390075B818 /* XCRemoteSwiftPackageReference "Swinject" */ = {
			isa = XCRemoteSwiftPackageReference;
			repositoryURL = "https://github.com/Swinject/Swinject";
			requirement = {
				kind = upToNextMajorVersion;
				minimumVersion = 2.0.0;
			};
		};
/* End XCRemoteSwiftPackageReference section */

/* Begin XCSwiftPackageProductDependency section */
		CA6FB0E626C6ADCD00FB3285 /* UIUTest */ = {
			isa = XCSwiftPackageProductDependency;
			package = CA6FB0E526C6ADCD00FB3285 /* XCRemoteSwiftPackageReference "UIUTest" */;
			productName = UIUTest;
		};
		CAC34B7926A0801E0039A373 /* ViewInspector */ = {
			isa = XCSwiftPackageProductDependency;
			package = CAC34B7826A0801E0039A373 /* XCRemoteSwiftPackageReference "ViewInspector" */;
			productName = ViewInspector;
		};
/* End XCSwiftPackageProductDependency section */
	};
	rootObject = CAC34B3726A07F830039A373 /* Project object */;
}
